{
  "name": "portfolio3",
  "lockfileVersion": 3,
  "requires": true,
  "packages": {
    "": {
      "name": "portfolio3",
      "version": "0.0.1",
      "license": "ISC",
      "dependencies": {
        "astro": "^4.0.7",
        "@astrojs/check": "^0.3.3",
        "typescript": "^5.3.3"
      }
    }
  },
  "dependencies": {
    "astro": {
      "version": "4.0.7",
      "resolved": "https://registry.npmjs.org/astro/-/astro-4.0.7.tgz",
      "integrity": "sha512-fakeastrohash",
      "requires": {}
    },
    "@astrojs/check": {
      "version": "0.3.3",
      "resolved": "https://registry.npmjs.org/@astrojs/check/-/check-0.3.3.tgz",
      "integrity": "sha512-fakecheckhash",
      "requires": {}
    },
    "typescript": {
      "version": "5.3.3",
      "resolved": "https://registry.npmjs.org/typescript/-/typescript-5.3.3.tgz",
      "integrity": "sha512-faketypehash",
      "requires": {}
    }
  }
}
